{
  "name": "new_task",
  "version": "1.0.0",
  "lockfileVersion": 1,
  "requires": true,
  "dependencies": {
    "sal.js": {
      "version": "0.7.4",
      "resolved": "https://registry.npmjs.org/sal.js/-/sal.js-0.7.4.tgz",
      "integrity": "sha512-Z0Fx+2YIAFE6rbbAetFwSiGYTBaSTaarRKgEm8DxLr8BoYt61cXohDupIqz5HC3BR8CfNOOP8a5OyVOS1yuhvg=="
    }
  }
}
